<?xml version="1.0" encoding="utf-8"?>
<Project ToolsVersion="4.0" xmlns="http://schemas.microsoft.com/developer/msbuild/2003">
  <ItemGroup>
    <Filter Include="Source Files">
      <UniqueIdentifier>{4FC737F1-C7A5-4376-A066-2A32D752A2FF}</UniqueIdentifier>
      <Extensions>cpp;c;cc;cxx;c++;cppm;ixx;def;odl;idl;hpj;bat;asm;asmx</Extensions>
    </Filter>
    <Filter Include="Header Files">
      <UniqueIdentifier>{93995380-89BD-4b04-88EB-625FBE52EBFB}</UniqueIdentifier>
      <Extensions>h;hh;hpp;hxx;h++;hm;inl;inc;ipp;xsd</Extensions>
    </Filter>
    <Filter Include="Resource Files">
      <UniqueIdentifier>{67DA6AB6-F800-4c08-8B7A-83BB121AAD01}</UniqueIdentifier>
      <Extensions>rc;ico;cur;bmp;dlg;rc2;rct;bin;rgs;gif;jpg;jpeg;jpe;resx;tiff;tif;png;wav;mfcribbon-ms</Extensions>
    </Filter>
    <Filter Include="code">
      <UniqueIdentifier>{c326a080-5424-4cac-9322-9e5f0478f6ef}</UniqueIdentifier>
    </Filter>
    <Filter Include="code\template">
      <UniqueIdentifier>{521c6f9e-044e-4afa-9640-0bcead8aaa3b}</UniqueIdentifier>
    </Filter>
    <Filter Include="code\lambda">
      <UniqueIdentifier>{b5a9d7fb-3f70-4d20-bd52-0c92e57b4c79}</UniqueIdentifier>
    </Filter>
    <Filter Include="code\stdStl">
      <UniqueIdentifier>{f06ef4dc-e311-44da-add5-9842ddd0d6bc}</UniqueIdentifier>
    </Filter>
    <Filter Include="code\cast">
      <UniqueIdentifier>{45d92d6a-81fc-4541-8672-d8206d25408a}</UniqueIdentifier>
    </Filter>
    <Filter Include="code\exception">
      <UniqueIdentifier>{1d5420b6-df37-4916-aa89-a2e64826fc27}</UniqueIdentifier>
    </Filter>
    <Filter Include="code\namespace">
      <UniqueIdentifier>{00fd4d15-abb1-46c5-8888-dad1ef2a074a}</UniqueIdentifier>
    </Filter>
    <Filter Include="code\threads">
      <UniqueIdentifier>{fb9e565c-5ac8-46be-8eb0-a85c6e05443f}</UniqueIdentifier>
    </Filter>
    <Filter Include="code\smartPointer">
      <UniqueIdentifier>{f462630c-0f01-4044-9a5d-072a00520844}</UniqueIdentifier>
    </Filter>
    <Filter Include="code\other">
      <UniqueIdentifier>{87a4e604-a31f-4293-ab38-e6241d1adbfb}</UniqueIdentifier>
    </Filter>
  </ItemGroup>
  <ItemGroup>
    <ClCompile Include="test.cpp">
      <Filter>Source Files</Filter>
    </ClCompile>
    <ClCompile Include="code\template\invokeMethod_template.cpp">
      <Filter>code\template</Filter>
    </ClCompile>
    <ClCompile Include="code\lambda\invokeMethod_lambda.cpp">
      <Filter>code\lambda</Filter>
    </ClCompile>
    <ClCompile Include="code\lambda\testClass.cpp">
      <Filter>code\lambda</Filter>
    </ClCompile>
    <ClCompile Include="code\stdStl\invokeMethod_stdStl.cpp">
      <Filter>code\stdStl</Filter>
    </ClCompile>
    <ClCompile Include="code\stdStl\unordered_map_example.cpp">
      <Filter>code\stdStl</Filter>
    </ClCompile>
    <ClCompile Include="code\cast\invokeMethod_cast.cpp">
      <Filter>code\cast</Filter>
    </ClCompile>
    <ClCompile Include="code\cast\cast_class01.cpp">
      <Filter>code\cast</Filter>
    </ClCompile>
    <ClCompile Include="code\stdStl\vector_example.cpp">
      <Filter>code\stdStl</Filter>
    </ClCompile>
    <ClCompile Include="code\exception\invokeMethod_exception.cpp">
      <Filter>code\exception</Filter>
    </ClCompile>
    <ClCompile Include="code\namespace\invokeMethod_namespace.cpp">
      <Filter>code\namespace</Filter>
    </ClCompile>
    <ClCompile Include="code\threads\invokeMethod_threads.cpp">
      <Filter>code\threads</Filter>
    </ClCompile>
    <ClCompile Include="code\smartPointer\invokeMethod_smartPointer.cpp">
      <Filter>code\smartPointer</Filter>
    </ClCompile>
    <ClCompile Include="code\other\invokeMethod_other.cpp">
      <Filter>code\other</Filter>
    </ClCompile>
    <ClCompile Include="code\other\testInclude.cpp">
      <Filter>code\other</Filter>
    </ClCompile>
  </ItemGroup>
  <ItemGroup>
    <ClInclude Include="code\template\example01.h">
      <Filter>code\template</Filter>
    </ClInclude>
    <ClInclude Include="code\lambda\testClass.h">
      <Filter>code\lambda</Filter>
    </ClInclude>
    <ClInclude Include="code\stdStl\unordered_map_example.h">
      <Filter>code\stdStl</Filter>
    </ClInclude>
    <ClInclude Include="code\cast\cast_class01.h">
      <Filter>code\cast</Filter>
    </ClInclude>
    <ClInclude Include="code\stdStl\vector_example.h">
      <Filter>code\stdStl</Filter>
    </ClInclude>
    <ClInclude Include="code\exception\bomb.h">
      <Filter>code\exception</Filter>
    </ClInclude>
    <ClInclude Include="code\smartPointer\testWeak.h">
      <Filter>code\smartPointer</Filter>
    </ClInclude>
    <ClInclude Include="code\other\testInclude.h">
      <Filter>code\other</Filter>
    </ClInclude>
    <ClInclude Include="code\other\testInclude2.h">
      <Filter>code\other</Filter>
    </ClInclude>
  </ItemGroup>
</Project>